
Microsoft Visual Studio Solution File, Format Version 12.00
# Visual Studio Version 16
VisualStudioVersion = 16.0.29911.84
MinimumVisualStudioVersion = 10.0.40219.1
Project("{FAE04EC0-301F-11D3-BF4B-00C04F79EFBC}") = "FluentParser.Net", "src/FluentParser.Net.csproj", "{4EE0C46E-714A-41A9-AC14-8219FC1A2700}"
EndProject
Global
	GlobalSection(SolutionConfigurationPlatforms) = preSolution
		Debug|Any CPU = Debug|Any CPU
		Release|Any CPU = Release|Any CPU
	EndGlobalSection
	GlobalSection(ProjectConfigurationPlatforms) = postSolution
		{4EE0C46E-714A-41A9-AC14-8219FC1A2700}.Debug|Any CPU.ActiveCfg = Debug|Any CPU
		{4EE0C46E-714A-41A9-AC14-8219FC1A2700}.Debug|Any CPU.Build.0 = Debug|Any CPU
		{4EE0C46E-714A-41A9-AC14-8219FC1A2700}.Release|Any CPU.ActiveCfg = Release|Any CPU
		{4EE0C46E-714A-41A9-AC14-8219FC1A2700}.Release|Any CPU.Build.0 = Release|Any CPU
	EndGlobalSection
	GlobalSection(SolutionProperties) = preSolution
		HideSolutionNode = FALSE
	EndGlobalSection
	GlobalSection(ExtensibilityGlobals) = postSolution
		SolutionGuid = {C0C4C681-693D-4EAB-80A2-183DC742A5F8}
	EndGlobalSection
EndGlobal
